// !$*UTF8*$!
{
	archiveVersion = 1;
	classes = {
	};
	objectVersion = 50;
	objects = {

/* Begin PBXBuildFile section */
		BC11BBBB25FDD0B7008A6309 /* NavigationRouter.swift in Sources */ = {isa = PBXBuildFile; fileRef = BC11BBBA25FDD0B7008A6309 /* NavigationRouter.swift */; };
		BC1ED71325F4A2FE00DF09F6 /*  UIKitInclusion.swift in Sources */ = {isa = PBXBuildFile; fileRef = BC1ED71225F4A2FE00DF09F6 /*  UIKitInclusion.swift */; };
		BC6E578125EA2D0A00DA20C8 /* homework_swift_ui_00App.swift in Sources */ = {isa = PBXBuildFile; fileRef = BC6E578025EA2D0A00DA20C8 /* homework_swift_ui_00App.swift */; };
		BC6E578325EA2D0A00DA20C8 /* MainScreen.swift in Sources */ = {isa = PBXBuildFile; fileRef = BC6E578225EA2D0A00DA20C8 /* MainScreen.swift */; };
		BC6E578525EA2D0B00DA20C8 /* Assets.xcassets in Resources */ = {isa = PBXBuildFile; fileRef = BC6E578425EA2D0B00DA20C8 /* Assets.xcassets */; };
		BC6E578825EA2D0B00DA20C8 /* Preview Assets.xcassets in Resources */ = {isa = PBXBuildFile; fileRef = BC6E578725EA2D0B00DA20C8 /* Preview Assets.xcassets */; };
		BC6E579125EA4B5000DA20C8 /* ItemsListScreen.swift in Sources */ = {isa = PBXBuildFile; fileRef = BC6E579025EA4B5000DA20C8 /* ItemsListScreen.swift */; };
		BC6E579925EA53E700DA20C8 /* Model.swift in Sources */ = {isa = PBXBuildFile; fileRef = BC6E579825EA53E700DA20C8 /* Model.swift */; };
		BC6E579F25EA586F00DA20C8 /* SatisfactionScreen.swift in Sources */ = {isa = PBXBuildFile; fileRef = BC6E579E25EA586F00DA20C8 /* SatisfactionScreen.swift */; };
		BC6E57A425EA5F3800DA20C8 /* WelcomeScreen.swift in Sources */ = {isa = PBXBuildFile; fileRef = BC6E57A325EA5F3800DA20C8 /* WelcomeScreen.swift */; };
		BC8EA8A525FC8A8800C752D9 /* Homework05Screen.swift in Sources */ = {isa = PBXBuildFile; fileRef = BC8EA8A425FC8A8800C752D9 /* Homework05Screen.swift */; };
/* End PBXBuildFile section */

/* Begin PBXFileReference section */
		BC11BBBA25FDD0B7008A6309 /* NavigationRouter.swift */ = {isa = PBXFileReference; lastKnownFileType = sourcecode.swift; path = NavigationRouter.swift; sourceTree = "<group>"; };
		BC1ED71225F4A2FE00DF09F6 /*  UIKitInclusion.swift */ = {isa = PBXFileReference; lastKnownFileType = sourcecode.swift; path = " UIKitInclusion.swift"; sourceTree = "<group>"; };
		BC6E577D25EA2D0A00DA20C8 /* homework_swift_ui_00.app */ = {isa = PBXFileReference; explicitFileType = wrapper.application; includeInIndex = 0; path = homework_swift_ui_00.app; sourceTree = BUILT_PRODUCTS_DIR; };
		BC6E578025EA2D0A00DA20C8 /* homework_swift_ui_00App.swift */ = {isa = PBXFileReference; lastKnownFileType = sourcecode.swift; path = homework_swift_ui_00App.swift; sourceTree = "<group>"; };
		BC6E578225EA2D0A00DA20C8 /* MainScreen.swift */ = {isa = PBXFileReference; lastKnownFileType = sourcecode.swift; path = MainScreen.swift; sourceTree = "<group>"; };
		BC6E578425EA2D0B00DA20C8 /* Assets.xcassets */ = {isa = PBXFileReference; lastKnownFileType = folder.assetcatalog; path = Assets.xcassets; sourceTree = "<group>"; };
		BC6E578725EA2D0B00DA20C8 /* Preview Assets.xcassets */ = {isa = PBXFileReference; lastKnownFileType = folder.assetcatalog; path = "Preview Assets.xcassets"; sourceTree = "<group>"; };
		BC6E578925EA2D0B00DA20C8 /* Info.plist */ = {isa = PBXFileReference; lastKnownFileType = text.plist.xml; path = Info.plist; sourceTree = "<group>"; };
		BC6E579025EA4B5000DA20C8 /* ItemsListScreen.swift */ = {isa = PBXFileReference; lastKnownFileType = sourcecode.swift; path = ItemsListScreen.swift; sourceTree = "<group>"; };
		BC6E579825EA53E700DA20C8 /* Model.swift */ = {isa = PBXFileReference; lastKnownFileType = sourcecode.swift; path = Model.swift; sourceTree = "<group>"; };
		BC6E579E25EA586F00DA20C8 /* SatisfactionScreen.swift */ = {isa = PBXFileReference; lastKnownFileType = sourcecode.swift; path = SatisfactionScreen.swift; sourceTree = "<group>"; };
		BC6E57A325EA5F3800DA20C8 /* WelcomeScreen.swift */ = {isa = PBXFileReference; lastKnownFileType = sourcecode.swift; path = WelcomeScreen.swift; sourceTree = "<group>"; };
		BC8EA8A425FC8A8800C752D9 /* Homework05Screen.swift */ = {isa = PBXFileReference; lastKnownFileType = sourcecode.swift; path = Homework05Screen.swift; sourceTree = "<group>"; };
/* End PBXFileReference section */

/* Begin PBXFrameworksBuildPhase section */
		BC6E577A25EA2D0A00DA20C8 /* Frameworks */ = {
			isa = PBXFrameworksBuildPhase;
			buildActionMask = 2147483647;
			files = (
			);
			runOnlyForDeploymentPostprocessing = 0;
		};
/* End PBXFrameworksBuildPhase section */

/* Begin PBXGroup section */
		BC563A9225ECBDC200491561 /* DataStorage */ = {
			isa = PBXGroup;
			children = (
				BC6E579825EA53E700DA20C8 /* Model.swift */,
			);
			path = DataStorage;
			sourceTree = "<group>";
		};
		BC6E577425EA2D0A00DA20C8 = {
			isa = PBXGroup;
			children = (
				BC6E577F25EA2D0A00DA20C8 /* homework_swift_ui_00 */,
				BC6E577E25EA2D0A00DA20C8 /* Products */,
			);
			sourceTree = "<group>";
		};
		BC6E577E25EA2D0A00DA20C8 /* Products */ = {
			isa = PBXGroup;
			children = (
				BC6E577D25EA2D0A00DA20C8 /* homework_swift_ui_00.app */,
			);
			name = Products;
			sourceTree = "<group>";
		};
		BC6E577F25EA2D0A00DA20C8 /* homework_swift_ui_00 */ = {
			isa = PBXGroup;
			children = (
				BC6E578025EA2D0A00DA20C8 /* homework_swift_ui_00App.swift */,
				BC6E579725EA53C900DA20C8 /* MainScreen */,
				BC6E57A225EA5F2500DA20C8 /* WelcomeScreen */,
				BC6E579625EA53A400DA20C8 /* ItemsListScreen */,
				BC6E579D25EA585200DA20C8 /* SatisfactionScreen */,
				BC8EA8A325FC8A4C00C752D9 /* Homework05Screen */,
				BC8EA8A925FC9AA500C752D9 /* Routing */,
				BC563A9225ECBDC200491561 /* DataStorage */,
				BC6E578425EA2D0B00DA20C8 /* Assets.xcassets */,
				BC6E578925EA2D0B00DA20C8 /* Info.plist */,
				BC6E578625EA2D0B00DA20C8 /* Preview Content */,
			);
			path = homework_swift_ui_00;
			sourceTree = "<group>";
		};
		BC6E578625EA2D0B00DA20C8 /* Preview Content */ = {
			isa = PBXGroup;
			children = (
				BC6E578725EA2D0B00DA20C8 /* Preview Assets.xcassets */,
			);
			path = "Preview Content";
			sourceTree = "<group>";
		};
		BC6E579625EA53A400DA20C8 /* ItemsListScreen */ = {
			isa = PBXGroup;
			children = (
				BC6E579025EA4B5000DA20C8 /* ItemsListScreen.swift */,
			);
			path = ItemsListScreen;
			sourceTree = "<group>";
		};
		BC6E579725EA53C900DA20C8 /* MainScreen */ = {
			isa = PBXGroup;
			children = (
				BC6E578225EA2D0A00DA20C8 /* MainScreen.swift */,
			);
			path = MainScreen;
			sourceTree = "<group>";
		};
		BC6E579D25EA585200DA20C8 /* SatisfactionScreen */ = {
			isa = PBXGroup;
			children = (
				BC6E579E25EA586F00DA20C8 /* SatisfactionScreen.swift */,
			);
			path = SatisfactionScreen;
			sourceTree = "<group>";
		};
		BC6E57A225EA5F2500DA20C8 /* WelcomeScreen */ = {
			isa = PBXGroup;
			children = (
				BC6E57A325EA5F3800DA20C8 /* WelcomeScreen.swift */,
				BC1ED71225F4A2FE00DF09F6 /*  UIKitInclusion.swift */,
			);
			path = WelcomeScreen;
			sourceTree = "<group>";
		};
		BC8EA8A325FC8A4C00C752D9 /* Homework05Screen */ = {
			isa = PBXGroup;
			children = (
				BC8EA8A425FC8A8800C752D9 /* Homework05Screen.swift */,
				BC11BBBA25FDD0B7008A6309 /* NavigationRouter.swift */,
			);
			path = Homework05Screen;
			sourceTree = "<group>";
		};
		BC8EA8A925FC9AA500C752D9 /* Routing */ = {
			isa = PBXGroup;
			children = (
			);
			path = Routing;
			sourceTree = "<group>";
		};
/* End PBXGroup section */

/* Begin PBXNativeTarget section */
		BC6E577C25EA2D0A00DA20C8 /* homework_swift_ui_00 */ = {
			isa = PBXNativeTarget;
			buildConfigurationList = BC6E578C25EA2D0B00DA20C8 /* Build configuration list for PBXNativeTarget "homework_swift_ui_00" */;
			buildPhases = (
				BC6E577925EA2D0A00DA20C8 /* Sources */,
				BC6E577A25EA2D0A00DA20C8 /* Frameworks */,
				BC6E577B25EA2D0A00DA20C8 /* Resources */,
			);
			buildRules = (
			);
			dependencies = (
			);
			name = homework_swift_ui_00;
			productName = homework_swift_ui_00;
			productReference = BC6E577D25EA2D0A00DA20C8 /* homework_swift_ui_00.app */;
			productType = "com.apple.product-type.application";
		};
/* End PBXNativeTarget section */

/* Begin PBXProject section */
		BC6E577525EA2D0A00DA20C8 /* Project object */ = {
			isa = PBXProject;
			attributes = {
				LastSwiftUpdateCheck = 1220;
				LastUpgradeCheck = 1220;
				TargetAttributes = {
					BC6E577C25EA2D0A00DA20C8 = {
						CreatedOnToolsVersion = 12.2;
					};
				};
			};
			buildConfigurationList = BC6E577825EA2D0A00DA20C8 /* Build configuration list for PBXProject "homework_swift_ui_00" */;
			compatibilityVersion = "Xcode 9.3";
			developmentRegion = en;
			hasScannedForEncodings = 0;
			knownRegions = (
				en,
				Base,
			);
			mainGroup = BC6E577425EA2D0A00DA20C8;
			productRefGroup = BC6E577E25EA2D0A00DA20C8 /* Products */;
			projectDirPath = "";
			projectRoot = "";
			targets = (
				BC6E577C25EA2D0A00DA20C8 /* homework_swift_ui_00 */,
			);
		};
/* End PBXProject section */

/* Begin PBXResourcesBuildPhase section */
		BC6E577B25EA2D0A00DA20C8 /* Resources */ = {
			isa = PBXResourcesBuildPhase;
			buildActionMask = 2147483647;
			files = (
				BC6E578825EA2D0B00DA20C8 /* Preview Assets.xcassets in Resources */,
				BC6E578525EA2D0B00DA20C8 /* Assets.xcassets in Resources */,
			);
			runOnlyForDeploymentPostprocessing = 0;
		};
/* End PBXResourcesBuildPhase section */

/* Begin PBXSourcesBuildPhase section */
		BC6E577925EA2D0A00DA20C8 /* Sources */ = {
			isa = PBXSourcesBuildPhase;
			buildActionMask = 2147483647;
			files = (
				BC6E57A425EA5F3800DA20C8 /* WelcomeScreen.swift in Sources */,
				BC6E578325EA2D0A00DA20C8 /* MainScreen.swift in Sources */,
				BC8EA8A525FC8A8800C752D9 /* Homework05Screen.swift in Sources */,
				BC6E579F25EA586F00DA20C8 /* SatisfactionScreen.swift in Sources */,
				BC6E579125EA4B5000DA20C8 /* ItemsListScreen.swift in Sources */,
				BC6E578125EA2D0A00DA20C8 /* homework_swift_ui_00App.swift in Sources */,
				BC1ED71325F4A2FE00DF09F6 /*  UIKitInclusion.swift in Sources */,
				BC6E579925EA53E700DA20C8 /* Model.swift in Sources */,
				BC11BBBB25FDD0B7008A6309 /* NavigationRouter.swift in Sources */,
			);
			runOnlyForDeploymentPostprocessing = 0;
		};
/* End PBXSourcesBuildPhase section */

/* Begin XCBuildConfiguration section */
		BC6E578A25EA2D0B00DA20C8 /* Debug */ = {
			isa = XCBuildConfiguration;
			buildSettings = {
				ALWAYS_SEARCH_USER_PATHS = NO;
				CLANG_ANALYZER_NONNULL = YES;
				CLANG_ANALYZER_NUMBER_OBJECT_CONVERSION = YES_AGGRESSIVE;
				CLANG_CXX_LANGUAGE_STANDARD = "gnu++14";
				CLANG_CXX_LIBRARY = "libc++";
				CLANG_ENABLE_MODULES = YES;
				CLANG_ENABLE_OBJC_ARC = YES;
				CLANG_ENABLE_OBJC_WEAK = YES;
				CLANG_WARN_BLOCK_CAPTURE_AUTORELEASING = YES;
				CLANG_WARN_BOOL_CONVERSION = YES;
				CLANG_WARN_COMMA = YES;
				CLANG_WARN_CONSTANT_CONVERSION = YES;
				CLANG_WARN_DEPRECATED_OBJC_IMPLEMENTATIONS = YES;
				CLANG_WARN_DIRECT_OBJC_ISA_USAGE = YES_ERROR;
				CLANG_WARN_DOCUMENTATION_COMMENTS = YES;
				CLANG_WARN_EMPTY_BODY = YES;
				CLANG_WARN_ENUM_CONVERSION = YES;
				CLANG_WARN_INFINITE_RECURSION = YES;
				CLANG_WARN_INT_CONVERSION = YES;
				CLANG_WARN_NON_LITERAL_NULL_CONVERSION = YES;
				CLANG_WARN_OBJC_IMPLICIT_RETAIN_SELF = YES;
				CLANG_WARN_OBJC_LITERAL_CONVERSION = YES;
				CLANG_WARN_OBJC_ROOT_CLASS = YES_ERROR;
				CLANG_WARN_QUOTED_INCLUDE_IN_FRAMEWORK_HEADER = YES;
				CLANG_WARN_RANGE_LOOP_ANALYSIS = YES;
				CLANG_WARN_STRICT_PROTOTYPES = YES;
				CLANG_WARN_SUSPICIOUS_MOVE = YES;
				CLANG_WARN_UNGUARDED_AVAILABILITY = YES_AGGRESSIVE;
				CLANG_WARN_UNREACHABLE_CODE = YES;
				CLANG_WARN__DUPLICATE_METHOD_MATCH = YES;
				COPY_PHASE_STRIP = NO;
				DEBUG_INFORMATION_FORMAT = dwarf;
				ENABLE_STRICT_OBJC_MSGSEND = YES;
				ENABLE_TESTABILITY = YES;
				GCC_C_LANGUAGE_STANDARD = gnu11;
				GCC_DYNAMIC_NO_PIC = NO;
				GCC_NO_COMMON_BLOCKS = YES;
				GCC_OPTIMIZATION_LEVEL = 0;
				GCC_PREPROCESSOR_DEFINITIONS = (
					"DEBUG=1",
					"$(inherited)",
				);
				GCC_WARN_64_TO_32_BIT_CONVERSION = YES;
				GCC_WARN_ABOUT_RETURN_TYPE = YES_ERROR;
				GCC_WARN_UNDECLARED_SELECTOR = YES;
				GCC_WARN_UNINITIALIZED_AUTOS = YES_AGGRESSIVE;
				GCC_WARN_UNUSED_FUNCTION = YES;
				GCC_WARN_UNUSED_VARIABLE = YES;
				IPHONEOS_DEPLOYMENT_TARGET = 14.2;
				MTL_ENABLE_DEBUG_INFO = INCLUDE_SOURCE;
				MTL_FAST_MATH = YES;
				ONLY_ACTIVE_ARCH = YES;
				SDKROOT = iphoneos;
				SWIFT_ACTIVE_COMPILATION_CONDITIONS = DEBUG;
				SWIFT_OPTIMIZATION_LEVEL = "-Onone";
			};
			name = Debug;
		};
		BC6E578B25EA2D0B00DA20C8 /* Release */ = {
			isa = XCBuildConfiguration;
			buildSettings = {
				ALWAYS_SEARCH_USER_PATHS = NO;
				CLANG_ANALYZER_NONNULL = YES;
				CLANG_ANALYZER_NUMBER_OBJECT_CONVERSION = YES_AGGRESSIVE;
				CLANG_CXX_LANGUAGE_STANDARD = "gnu++14";
				CLANG_CXX_LIBRARY = "libc++";
				CLANG_ENABLE_MODULES = YES;
				CLANG_ENABLE_OBJC_ARC = YES;
				CLANG_ENABLE_OBJC_WEAK = YES;
				CLANG_WARN_BLOCK_CAPTURE_AUTORELEASING = YES;
				CLANG_WARN_BOOL_CONVERSION = YES;
				CLANG_WARN_COMMA = YES;
				CLANG_WARN_CONSTANT_CONVERSION = YES;
				CLANG_WARN_DEPRECATED_OBJC_IMPLEMENTATIONS = YES;
				CLANG_WARN_DIRECT_OBJC_ISA_USAGE = YES_ERROR;
				CLANG_WARN_DOCUMENTATION_COMMENTS = YES;
				CLANG_WARN_EMPTY_BODY = YES;
				CLANG_WARN_ENUM_CONVERSION = YES;
				CLANG_WARN_INFINITE_RECURSION = YES;
				CLANG_WARN_INT_CONVERSION = YES;
				CLANG_WARN_NON_LITERAL_NULL_CONVERSION = YES;
				CLANG_WARN_OBJC_IMPLICIT_RETAIN_SELF = YES;
				CLANG_WARN_OBJC_LITERAL_CONVERSION = YES;
				CLANG_WARN_OBJC_ROOT_CLASS = YES_ERROR;
				CLANG_WARN_QUOTED_INCLUDE_IN_FRAMEWORK_HEADER = YES;
				CLANG_WARN_RANGE_LOOP_ANALYSIS = YES;
				CLANG_WARN_STRICT_PROTOTYPES = YES;
				CLANG_WARN_SUSPICIOUS_MOVE = YES;
				CLANG_WARN_UNGUARDED_AVAILABILITY = YES_AGGRESSIVE;
				CLANG_WARN_UNREACHABLE_CODE = YES;
				CLANG_WARN__DUPLICATE_METHOD_MATCH = YES;
				COPY_PHASE_STRIP = NO;
				DEBUG_INFORMATION_FORMAT = "dwarf-with-dsym";
				ENABLE_NS_ASSERTIONS = NO;
				ENABLE_STRICT_OBJC_MSGSEND = YES;
				GCC_C_LANGUAGE_STANDARD = gnu11;
				GCC_NO_COMMON_BLOCKS = YES;
				GCC_WARN_64_TO_32_BIT_CONVERSION = YES;
				GCC_WARN_ABOUT_RETURN_TYPE = YES_ERROR;
				GCC_WARN_UNDECLARED_SELECTOR = YES;
				GCC_WARN_UNINITIALIZED_AUTOS = YES_AGGRESSIVE;
				GCC_WARN_UNUSED_FUNCTION = YES;
				GCC_WARN_UNUSED_VARIABLE = YES;
				IPHONEOS_DEPLOYMENT_TARGET = 14.2;
				MTL_ENABLE_DEBUG_INFO = NO;
				MTL_FAST_MATH = YES;
				SDKROOT = iphoneos;
				SWIFT_COMPILATION_MODE = wholemodule;
				SWIFT_OPTIMIZATION_LEVEL = "-O";
				VALIDATE_PRODUCT = YES;
			};
			name = Release;
		};
		BC6E578D25EA2D0B00DA20C8 /* Debug */ = {
			isa = XCBuildConfiguration;
			buildSettings = {
				ASSETCATALOG_COMPILER_APPICON_NAME = AppIcon;
				ASSETCATALOG_COMPILER_GLOBAL_ACCENT_COLOR_NAME = AccentColor;
				CODE_SIGN_STYLE = Automatic;
				DEVELOPMENT_ASSET_PATHS = "\"homework_swift_ui_00/Preview Content\"";
				DEVELOPMENT_TEAM = 6427J754M8;
				ENABLE_PREVIEWS = YES;
				INFOPLIST_FILE = homework_swift_ui_00/Info.plist;
				IPHONEOS_DEPLOYMENT_TARGET = 14.0;
				LD_RUNPATH_SEARCH_PATHS = (
					"$(inherited)",
					"@executable_path/Frameworks",
				);
				PRODUCT_BUNDLE_IDENTIFIER = "com.navixy.homework-swift-ui-00";
				PRODUCT_NAME = "$(TARGET_NAME)";
				SWIFT_VERSION = 5.0;
				TARGETED_DEVICE_FAMILY = "1,2";
			};
			name = Debug;
		};
		BC6E578E25EA2D0B00DA20C8 /* Release */ = {
			isa = XCBuildConfiguration;
			buildSettings = {
				ASSETCATALOG_COMPILER_APPICON_NAME = AppIcon;
				ASSETCATALOG_COMPILER_GLOBAL_ACCENT_COLOR_NAME = AccentColor;
				CODE_SIGN_STYLE = Automatic;
				DEVELOPMENT_ASSET_PATHS = "\"homework_swift_ui_00/Preview Content\"";
				DEVELOPMENT_TEAM = 6427J754M8;
				ENABLE_PREVIEWS = YES;
				INFOPLIST_FILE = homework_swift_ui_00/Info.plist;
				IPHONEOS_DEPLOYMENT_TARGET = 14.0;
				LD_RUNPATH_SEARCH_PATHS = (
					"$(inherited)",
					"@executable_path/Frameworks",
				);
				PRODUCT_BUNDLE_IDENTIFIER = "com.navixy.homework-swift-ui-00";
				PRODUCT_NAME = "$(TARGET_NAME)";
				SWIFT_VERSION = 5.0;
				TARGETED_DEVICE_FAMILY = "1,2";
			};
			name = Release;
		};
/* End XCBuildConfiguration section */

/* Begin XCConfigurationList section */
		BC6E577825EA2D0A00DA20C8 /* Build configuration list for PBXProject "homework_swift_ui_00" */ = {
			isa = XCConfigurationList;
			buildConfigurations = (
				BC6E578A25EA2D0B00DA20C8 /* Debug */,
				BC6E578B25EA2D0B00DA20C8 /* Release */,
			);
			defaultConfigurationIsVisible = 0;
			defaultConfigurationName = Release;
		};
		BC6E578C25EA2D0B00DA20C8 /* Build configuration list for PBXNativeTarget "homework_swift_ui_00" */ = {
			isa = XCConfigurationList;
			buildConfigurations = (
				BC6E578D25EA2D0B00DA20C8 /* Debug */,
				BC6E578E25EA2D0B00DA20C8 /* Release */,
			);
			defaultConfigurationIsVisible = 0;
			defaultConfigurationName = Release;
		};
/* End XCConfigurationList section */
	};
	rootObject = BC6E577525EA2D0A00DA20C8 /* Project object */;
}
