// !$*UTF8*$!
{
	archiveVersion = 1;
	classes = {
	};
	objectVersion = 52;
	objects = {

/* Begin PBXBuildFile section */
		BC116B352605EEA300FD6A46 /* Alamofire in Frameworks */ = {isa = PBXBuildFile; productRef = BC116B342605EEA300FD6A46 /* Alamofire */; };
		BC11BBBB25FDD0B7008A6309 /* NavigationRouter.swift in Sources */ = {isa = PBXBuildFile; fileRef = BC11BBBA25FDD0B7008A6309 /* NavigationRouter.swift */; };
		BC3D620B260F0FC000988B9B /* RecipeDetailsScreen.swift in Sources */ = {isa = PBXBuildFile; fileRef = BC3D620A260F0FC000988B9B /* RecipeDetailsScreen.swift */; };
		BC3D620F260F105700988B9B /* RecipesModels.swift in Sources */ = {isa = PBXBuildFile; fileRef = BC3D620E260F105700988B9B /* RecipesModels.swift */; };
		BC3D6213260F1FB400988B9B /* ProgressIndicator.swift in Sources */ = {isa = PBXBuildFile; fileRef = BC3D6212260F1FB400988B9B /* ProgressIndicator.swift */; };
		BC3D6216260F200900988B9B /* MainScreen.swift in Sources */ = {isa = PBXBuildFile; fileRef = BC3D6215260F200900988B9B /* MainScreen.swift */; };
		BC49F6D62607708F00843CBD /* APIHelper.swift in Sources */ = {isa = PBXBuildFile; fileRef = BC49F6C52607708F00843CBD /* APIHelper.swift */; };
		BC49F6D72607708F00843CBD /* URLSessionImplementations.swift in Sources */ = {isa = PBXBuildFile; fileRef = BC49F6C62607708F00843CBD /* URLSessionImplementations.swift */; };
		BC49F6D82607708F00843CBD /* RecipeAPI.swift in Sources */ = {isa = PBXBuildFile; fileRef = BC49F6C82607708F00843CBD /* RecipeAPI.swift */; };
		BC49F6D92607708F00843CBD /* CodableHelper.swift in Sources */ = {isa = PBXBuildFile; fileRef = BC49F6C92607708F00843CBD /* CodableHelper.swift */; };
		BC49F6DA2607708F00843CBD /* APIs.swift in Sources */ = {isa = PBXBuildFile; fileRef = BC49F6CA2607708F00843CBD /* APIs.swift */; };
		BC49F6DB2607708F00843CBD /* OpenISO8601DateFormatter.swift in Sources */ = {isa = PBXBuildFile; fileRef = BC49F6CB2607708F00843CBD /* OpenISO8601DateFormatter.swift */; };
		BC49F6DC2607708F00843CBD /* Recipe.swift in Sources */ = {isa = PBXBuildFile; fileRef = BC49F6CD2607708F00843CBD /* Recipe.swift */; };
		BC49F6DD2607708F00843CBD /* ErrorModel.swift in Sources */ = {isa = PBXBuildFile; fileRef = BC49F6CE2607708F00843CBD /* ErrorModel.swift */; };
		BC49F6DE2607708F00843CBD /* RecipeList.swift in Sources */ = {isa = PBXBuildFile; fileRef = BC49F6CF2607708F00843CBD /* RecipeList.swift */; };
		BC49F6DF2607708F00843CBD /* Extensions.swift in Sources */ = {isa = PBXBuildFile; fileRef = BC49F6D02607708F00843CBD /* Extensions.swift */; };
		BC49F6E02607708F00843CBD /* JSONDataEncoding.swift in Sources */ = {isa = PBXBuildFile; fileRef = BC49F6D12607708F00843CBD /* JSONDataEncoding.swift */; };
		BC49F6E12607708F00843CBD /* JSONEncodingHelper.swift in Sources */ = {isa = PBXBuildFile; fileRef = BC49F6D22607708F00843CBD /* JSONEncodingHelper.swift */; };
		BC49F6E22607708F00843CBD /* Models.swift in Sources */ = {isa = PBXBuildFile; fileRef = BC49F6D32607708F00843CBD /* Models.swift */; };
		BC49F6E32607708F00843CBD /* SynchronizedDictionary.swift in Sources */ = {isa = PBXBuildFile; fileRef = BC49F6D42607708F00843CBD /* SynchronizedDictionary.swift */; };
		BC49F6E42607708F00843CBD /* Configuration.swift in Sources */ = {isa = PBXBuildFile; fileRef = BC49F6D52607708F00843CBD /* Configuration.swift */; };
		BC4ADC562608581C00806FCD /* Enumerated.swift in Sources */ = {isa = PBXBuildFile; fileRef = BC4ADC552608581C00806FCD /* Enumerated.swift */; };
		BC6E578125EA2D0A00DA20C8 /* homework_swift_ui_00App.swift in Sources */ = {isa = PBXBuildFile; fileRef = BC6E578025EA2D0A00DA20C8 /* homework_swift_ui_00App.swift */; };
		BC6E578525EA2D0B00DA20C8 /* Assets.xcassets in Resources */ = {isa = PBXBuildFile; fileRef = BC6E578425EA2D0B00DA20C8 /* Assets.xcassets */; };
		BC6E578825EA2D0B00DA20C8 /* Preview Assets.xcassets in Resources */ = {isa = PBXBuildFile; fileRef = BC6E578725EA2D0B00DA20C8 /* Preview Assets.xcassets */; };
		BC8EA8A525FC8A8800C752D9 /* RecipesListScreen.swift in Sources */ = {isa = PBXBuildFile; fileRef = BC8EA8A425FC8A8800C752D9 /* RecipesListScreen.swift */; };
/* End PBXBuildFile section */

/* Begin PBXFileReference section */
		BC11BBBA25FDD0B7008A6309 /* NavigationRouter.swift */ = {isa = PBXFileReference; lastKnownFileType = sourcecode.swift; path = NavigationRouter.swift; sourceTree = "<group>"; };
		BC3D620A260F0FC000988B9B /* RecipeDetailsScreen.swift */ = {isa = PBXFileReference; lastKnownFileType = sourcecode.swift; path = RecipeDetailsScreen.swift; sourceTree = "<group>"; };
		BC3D620E260F105700988B9B /* RecipesModels.swift */ = {isa = PBXFileReference; lastKnownFileType = sourcecode.swift; path = RecipesModels.swift; sourceTree = "<group>"; };
		BC3D6212260F1FB400988B9B /* ProgressIndicator.swift */ = {isa = PBXFileReference; lastKnownFileType = sourcecode.swift; path = ProgressIndicator.swift; sourceTree = "<group>"; };
		BC3D6215260F200900988B9B /* MainScreen.swift */ = {isa = PBXFileReference; lastKnownFileType = sourcecode.swift; path = MainScreen.swift; sourceTree = "<group>"; };
		BC49F6C52607708F00843CBD /* APIHelper.swift */ = {isa = PBXFileReference; fileEncoding = 4; lastKnownFileType = sourcecode.swift; path = APIHelper.swift; sourceTree = "<group>"; };
		BC49F6C62607708F00843CBD /* URLSessionImplementations.swift */ = {isa = PBXFileReference; fileEncoding = 4; lastKnownFileType = sourcecode.swift; path = URLSessionImplementations.swift; sourceTree = "<group>"; };
		BC49F6C82607708F00843CBD /* RecipeAPI.swift */ = {isa = PBXFileReference; fileEncoding = 4; lastKnownFileType = sourcecode.swift; path = RecipeAPI.swift; sourceTree = "<group>"; };
		BC49F6C92607708F00843CBD /* CodableHelper.swift */ = {isa = PBXFileReference; fileEncoding = 4; lastKnownFileType = sourcecode.swift; path = CodableHelper.swift; sourceTree = "<group>"; };
		BC49F6CA2607708F00843CBD /* APIs.swift */ = {isa = PBXFileReference; fileEncoding = 4; lastKnownFileType = sourcecode.swift; path = APIs.swift; sourceTree = "<group>"; };
		BC49F6CB2607708F00843CBD /* OpenISO8601DateFormatter.swift */ = {isa = PBXFileReference; fileEncoding = 4; lastKnownFileType = sourcecode.swift; path = OpenISO8601DateFormatter.swift; sourceTree = "<group>"; };
		BC49F6CD2607708F00843CBD /* Recipe.swift */ = {isa = PBXFileReference; fileEncoding = 4; lastKnownFileType = sourcecode.swift; path = Recipe.swift; sourceTree = "<group>"; };
		BC49F6CE2607708F00843CBD /* ErrorModel.swift */ = {isa = PBXFileReference; fileEncoding = 4; lastKnownFileType = sourcecode.swift; path = ErrorModel.swift; sourceTree = "<group>"; };
		BC49F6CF2607708F00843CBD /* RecipeList.swift */ = {isa = PBXFileReference; fileEncoding = 4; lastKnownFileType = sourcecode.swift; path = RecipeList.swift; sourceTree = "<group>"; };
		BC49F6D02607708F00843CBD /* Extensions.swift */ = {isa = PBXFileReference; fileEncoding = 4; lastKnownFileType = sourcecode.swift; path = Extensions.swift; sourceTree = "<group>"; };
		BC49F6D12607708F00843CBD /* JSONDataEncoding.swift */ = {isa = PBXFileReference; fileEncoding = 4; lastKnownFileType = sourcecode.swift; path = JSONDataEncoding.swift; sourceTree = "<group>"; };
		BC49F6D22607708F00843CBD /* JSONEncodingHelper.swift */ = {isa = PBXFileReference; fileEncoding = 4; lastKnownFileType = sourcecode.swift; path = JSONEncodingHelper.swift; sourceTree = "<group>"; };
		BC49F6D32607708F00843CBD /* Models.swift */ = {isa = PBXFileReference; fileEncoding = 4; lastKnownFileType = sourcecode.swift; path = Models.swift; sourceTree = "<group>"; };
		BC49F6D42607708F00843CBD /* SynchronizedDictionary.swift */ = {isa = PBXFileReference; fileEncoding = 4; lastKnownFileType = sourcecode.swift; path = SynchronizedDictionary.swift; sourceTree = "<group>"; };
		BC49F6D52607708F00843CBD /* Configuration.swift */ = {isa = PBXFileReference; fileEncoding = 4; lastKnownFileType = sourcecode.swift; path = Configuration.swift; sourceTree = "<group>"; };
		BC4ADC552608581C00806FCD /* Enumerated.swift */ = {isa = PBXFileReference; lastKnownFileType = sourcecode.swift; path = Enumerated.swift; sourceTree = "<group>"; };
		BC6E577D25EA2D0A00DA20C8 /* homework_swift_ui_00.app */ = {isa = PBXFileReference; explicitFileType = wrapper.application; includeInIndex = 0; path = homework_swift_ui_00.app; sourceTree = BUILT_PRODUCTS_DIR; };
		BC6E578025EA2D0A00DA20C8 /* homework_swift_ui_00App.swift */ = {isa = PBXFileReference; lastKnownFileType = sourcecode.swift; path = homework_swift_ui_00App.swift; sourceTree = "<group>"; };
		BC6E578425EA2D0B00DA20C8 /* Assets.xcassets */ = {isa = PBXFileReference; lastKnownFileType = folder.assetcatalog; path = Assets.xcassets; sourceTree = "<group>"; };
		BC6E578725EA2D0B00DA20C8 /* Preview Assets.xcassets */ = {isa = PBXFileReference; lastKnownFileType = folder.assetcatalog; path = "Preview Assets.xcassets"; sourceTree = "<group>"; };
		BC6E578925EA2D0B00DA20C8 /* Info.plist */ = {isa = PBXFileReference; lastKnownFileType = text.plist.xml; path = Info.plist; sourceTree = "<group>"; };
		BC8EA8A425FC8A8800C752D9 /* RecipesListScreen.swift */ = {isa = PBXFileReference; lastKnownFileType = sourcecode.swift; path = RecipesListScreen.swift; sourceTree = "<group>"; };
/* End PBXFileReference section */

/* Begin PBXFrameworksBuildPhase section */
		BC6E577A25EA2D0A00DA20C8 /* Frameworks */ = {
			isa = PBXFrameworksBuildPhase;
			buildActionMask = 2147483647;
			files = (
				BC116B352605EEA300FD6A46 /* Alamofire in Frameworks */,
			);
			runOnlyForDeploymentPostprocessing = 0;
		};
/* End PBXFrameworksBuildPhase section */

/* Begin PBXGroup section */
		BC1152F42607650D001D5BAD /* WorthlessOpenApiBySwagger */ = {
			isa = PBXGroup;
			children = (
			);
			path = WorthlessOpenApiBySwagger;
			sourceTree = "<group>";
		};
		BC49F6C42607708F00843CBD /* Networking */ = {
			isa = PBXGroup;
			children = (
				BC49F6C52607708F00843CBD /* APIHelper.swift */,
				BC49F6C62607708F00843CBD /* URLSessionImplementations.swift */,
				BC49F6C72607708F00843CBD /* APIs */,
				BC49F6C92607708F00843CBD /* CodableHelper.swift */,
				BC49F6CA2607708F00843CBD /* APIs.swift */,
				BC49F6CB2607708F00843CBD /* OpenISO8601DateFormatter.swift */,
				BC49F6CC2607708F00843CBD /* Models */,
				BC49F6D02607708F00843CBD /* Extensions.swift */,
				BC49F6D12607708F00843CBD /* JSONDataEncoding.swift */,
				BC49F6D22607708F00843CBD /* JSONEncodingHelper.swift */,
				BC49F6D32607708F00843CBD /* Models.swift */,
				BC49F6D42607708F00843CBD /* SynchronizedDictionary.swift */,
				BC49F6D52607708F00843CBD /* Configuration.swift */,
			);
			path = Networking;
			sourceTree = "<group>";
		};
		BC49F6C72607708F00843CBD /* APIs */ = {
			isa = PBXGroup;
			children = (
				BC49F6C82607708F00843CBD /* RecipeAPI.swift */,
			);
			path = APIs;
			sourceTree = "<group>";
		};
		BC49F6CC2607708F00843CBD /* Models */ = {
			isa = PBXGroup;
			children = (
				BC49F6CD2607708F00843CBD /* Recipe.swift */,
				BC49F6CE2607708F00843CBD /* ErrorModel.swift */,
				BC49F6CF2607708F00843CBD /* RecipeList.swift */,
			);
			path = Models;
			sourceTree = "<group>";
		};
		BC4ADC542608580500806FCD /* Toolkit */ = {
			isa = PBXGroup;
			children = (
				BC4ADC552608581C00806FCD /* Enumerated.swift */,
				BC3D6212260F1FB400988B9B /* ProgressIndicator.swift */,
			);
			path = Toolkit;
			sourceTree = "<group>";
		};
		BC6E577425EA2D0A00DA20C8 = {
			isa = PBXGroup;
			children = (
				BC6E577F25EA2D0A00DA20C8 /* homework_swift_ui_00 */,
				BC6E577E25EA2D0A00DA20C8 /* Products */,
			);
			sourceTree = "<group>";
		};
		BC6E577E25EA2D0A00DA20C8 /* Products */ = {
			isa = PBXGroup;
			children = (
				BC6E577D25EA2D0A00DA20C8 /* homework_swift_ui_00.app */,
			);
			name = Products;
			sourceTree = "<group>";
		};
		BC6E577F25EA2D0A00DA20C8 /* homework_swift_ui_00 */ = {
			isa = PBXGroup;
			children = (
				BC6E578025EA2D0A00DA20C8 /* homework_swift_ui_00App.swift */,
				BC6E579725EA53C900DA20C8 /* MainScreen */,
				BC8EA8A925FC9AA500C752D9 /* Routing */,
				BC49F6C42607708F00843CBD /* Networking */,
				BC4ADC542608580500806FCD /* Toolkit */,
				BC1152F42607650D001D5BAD /* WorthlessOpenApiBySwagger */,
				BC6E578425EA2D0B00DA20C8 /* Assets.xcassets */,
				BC6E578925EA2D0B00DA20C8 /* Info.plist */,
				BC6E578625EA2D0B00DA20C8 /* Preview Content */,
			);
			path = homework_swift_ui_00;
			sourceTree = "<group>";
		};
		BC6E578625EA2D0B00DA20C8 /* Preview Content */ = {
			isa = PBXGroup;
			children = (
				BC6E578725EA2D0B00DA20C8 /* Preview Assets.xcassets */,
			);
			path = "Preview Content";
			sourceTree = "<group>";
		};
		BC6E579725EA53C900DA20C8 /* MainScreen */ = {
			isa = PBXGroup;
			children = (
				BC3D6215260F200900988B9B /* MainScreen.swift */,
				BC8EA8A425FC8A8800C752D9 /* RecipesListScreen.swift */,
				BC3D620A260F0FC000988B9B /* RecipeDetailsScreen.swift */,
				BC3D620E260F105700988B9B /* RecipesModels.swift */,
			);
			path = MainScreen;
			sourceTree = "<group>";
		};
		BC8EA8A925FC9AA500C752D9 /* Routing */ = {
			isa = PBXGroup;
			children = (
				BC11BBBA25FDD0B7008A6309 /* NavigationRouter.swift */,
			);
			path = Routing;
			sourceTree = "<group>";
		};
/* End PBXGroup section */

/* Begin PBXNativeTarget section */
		BC6E577C25EA2D0A00DA20C8 /* homework_swift_ui_00 */ = {
			isa = PBXNativeTarget;
			buildConfigurationList = BC6E578C25EA2D0B00DA20C8 /* Build configuration list for PBXNativeTarget "homework_swift_ui_00" */;
			buildPhases = (
				BC6E577925EA2D0A00DA20C8 /* Sources */,
				BC6E577A25EA2D0A00DA20C8 /* Frameworks */,
				BC6E577B25EA2D0A00DA20C8 /* Resources */,
			);
			buildRules = (
			);
			dependencies = (
			);
			name = homework_swift_ui_00;
			packageProductDependencies = (
				BC116B342605EEA300FD6A46 /* Alamofire */,
			);
			productName = homework_swift_ui_00;
			productReference = BC6E577D25EA2D0A00DA20C8 /* homework_swift_ui_00.app */;
			productType = "com.apple.product-type.application";
		};
/* End PBXNativeTarget section */

/* Begin PBXProject section */
		BC6E577525EA2D0A00DA20C8 /* Project object */ = {
			isa = PBXProject;
			attributes = {
				LastSwiftUpdateCheck = 1220;
				LastUpgradeCheck = 1220;
				TargetAttributes = {
					BC6E577C25EA2D0A00DA20C8 = {
						CreatedOnToolsVersion = 12.2;
					};
				};
			};
			buildConfigurationList = BC6E577825EA2D0A00DA20C8 /* Build configuration list for PBXProject "homework_swift_ui_00" */;
			compatibilityVersion = "Xcode 9.3";
			developmentRegion = en;
			hasScannedForEncodings = 0;
			knownRegions = (
				en,
				Base,
			);
			mainGroup = BC6E577425EA2D0A00DA20C8;
			packageReferences = (
				BC116B332605EEA300FD6A46 /* XCRemoteSwiftPackageReference "Alamofire" */,
			);
			productRefGroup = BC6E577E25EA2D0A00DA20C8 /* Products */;
			projectDirPath = "";
			projectRoot = "";
			targets = (
				BC6E577C25EA2D0A00DA20C8 /* homework_swift_ui_00 */,
			);
		};
/* End PBXProject section */

/* Begin PBXResourcesBuildPhase section */
		BC6E577B25EA2D0A00DA20C8 /* Resources */ = {
			isa = PBXResourcesBuildPhase;
			buildActionMask = 2147483647;
			files = (
				BC6E578825EA2D0B00DA20C8 /* Preview Assets.xcassets in Resources */,
				BC6E578525EA2D0B00DA20C8 /* Assets.xcassets in Resources */,
			);
			runOnlyForDeploymentPostprocessing = 0;
		};
/* End PBXResourcesBuildPhase section */

/* Begin PBXSourcesBuildPhase section */
		BC6E577925EA2D0A00DA20C8 /* Sources */ = {
			isa = PBXSourcesBuildPhase;
			buildActionMask = 2147483647;
			files = (
				BC49F6D72607708F00843CBD /* URLSessionImplementations.swift in Sources */,
				BC49F6E12607708F00843CBD /* JSONEncodingHelper.swift in Sources */,
				BC49F6DB2607708F00843CBD /* OpenISO8601DateFormatter.swift in Sources */,
				BC49F6E32607708F00843CBD /* SynchronizedDictionary.swift in Sources */,
				BC8EA8A525FC8A8800C752D9 /* RecipesListScreen.swift in Sources */,
				BC49F6D82607708F00843CBD /* RecipeAPI.swift in Sources */,
				BC49F6D92607708F00843CBD /* CodableHelper.swift in Sources */,
				BC3D620F260F105700988B9B /* RecipesModels.swift in Sources */,
				BC3D6216260F200900988B9B /* MainScreen.swift in Sources */,
				BC49F6E22607708F00843CBD /* Models.swift in Sources */,
				BC6E578125EA2D0A00DA20C8 /* homework_swift_ui_00App.swift in Sources */,
				BC49F6DD2607708F00843CBD /* ErrorModel.swift in Sources */,
				BC49F6DE2607708F00843CBD /* RecipeList.swift in Sources */,
				BC3D6213260F1FB400988B9B /* ProgressIndicator.swift in Sources */,
				BC49F6D62607708F00843CBD /* APIHelper.swift in Sources */,
				BC49F6DC2607708F00843CBD /* Recipe.swift in Sources */,
				BC49F6E02607708F00843CBD /* JSONDataEncoding.swift in Sources */,
				BC3D620B260F0FC000988B9B /* RecipeDetailsScreen.swift in Sources */,
				BC49F6DA2607708F00843CBD /* APIs.swift in Sources */,
				BC4ADC562608581C00806FCD /* Enumerated.swift in Sources */,
				BC49F6E42607708F00843CBD /* Configuration.swift in Sources */,
				BC11BBBB25FDD0B7008A6309 /* NavigationRouter.swift in Sources */,
				BC49F6DF2607708F00843CBD /* Extensions.swift in Sources */,
			);
			runOnlyForDeploymentPostprocessing = 0;
		};
/* End PBXSourcesBuildPhase section */

/* Begin XCBuildConfiguration section */
		BC6E578A25EA2D0B00DA20C8 /* Debug */ = {
			isa = XCBuildConfiguration;
			buildSettings = {
				ALWAYS_SEARCH_USER_PATHS = NO;
				CLANG_ANALYZER_NONNULL = YES;
				CLANG_ANALYZER_NUMBER_OBJECT_CONVERSION = YES_AGGRESSIVE;
				CLANG_CXX_LANGUAGE_STANDARD = "gnu++14";
				CLANG_CXX_LIBRARY = "libc++";
				CLANG_ENABLE_MODULES = YES;
				CLANG_ENABLE_OBJC_ARC = YES;
				CLANG_ENABLE_OBJC_WEAK = YES;
				CLANG_WARN_BLOCK_CAPTURE_AUTORELEASING = YES;
				CLANG_WARN_BOOL_CONVERSION = YES;
				CLANG_WARN_COMMA = YES;
				CLANG_WARN_CONSTANT_CONVERSION = YES;
				CLANG_WARN_DEPRECATED_OBJC_IMPLEMENTATIONS = YES;
				CLANG_WARN_DIRECT_OBJC_ISA_USAGE = YES_ERROR;
				CLANG_WARN_DOCUMENTATION_COMMENTS = YES;
				CLANG_WARN_EMPTY_BODY = YES;
				CLANG_WARN_ENUM_CONVERSION = YES;
				CLANG_WARN_INFINITE_RECURSION = YES;
				CLANG_WARN_INT_CONVERSION = YES;
				CLANG_WARN_NON_LITERAL_NULL_CONVERSION = YES;
				CLANG_WARN_OBJC_IMPLICIT_RETAIN_SELF = YES;
				CLANG_WARN_OBJC_LITERAL_CONVERSION = YES;
				CLANG_WARN_OBJC_ROOT_CLASS = YES_ERROR;
				CLANG_WARN_QUOTED_INCLUDE_IN_FRAMEWORK_HEADER = YES;
				CLANG_WARN_RANGE_LOOP_ANALYSIS = YES;
				CLANG_WARN_STRICT_PROTOTYPES = YES;
				CLANG_WARN_SUSPICIOUS_MOVE = YES;
				CLANG_WARN_UNGUARDED_AVAILABILITY = YES_AGGRESSIVE;
				CLANG_WARN_UNREACHABLE_CODE = YES;
				CLANG_WARN__DUPLICATE_METHOD_MATCH = YES;
				COPY_PHASE_STRIP = NO;
				DEBUG_INFORMATION_FORMAT = dwarf;
				ENABLE_STRICT_OBJC_MSGSEND = YES;
				ENABLE_TESTABILITY = YES;
				GCC_C_LANGUAGE_STANDARD = gnu11;
				GCC_DYNAMIC_NO_PIC = NO;
				GCC_NO_COMMON_BLOCKS = YES;
				GCC_OPTIMIZATION_LEVEL = 0;
				GCC_PREPROCESSOR_DEFINITIONS = (
					"DEBUG=1",
					"$(inherited)",
				);
				GCC_WARN_64_TO_32_BIT_CONVERSION = YES;
				GCC_WARN_ABOUT_RETURN_TYPE = YES_ERROR;
				GCC_WARN_UNDECLARED_SELECTOR = YES;
				GCC_WARN_UNINITIALIZED_AUTOS = YES_AGGRESSIVE;
				GCC_WARN_UNUSED_FUNCTION = YES;
				GCC_WARN_UNUSED_VARIABLE = YES;
				IPHONEOS_DEPLOYMENT_TARGET = 14.2;
				MTL_ENABLE_DEBUG_INFO = INCLUDE_SOURCE;
				MTL_FAST_MATH = YES;
				ONLY_ACTIVE_ARCH = YES;
				SDKROOT = iphoneos;
				SWIFT_ACTIVE_COMPILATION_CONDITIONS = DEBUG;
				SWIFT_OPTIMIZATION_LEVEL = "-Onone";
			};
			name = Debug;
		};
		BC6E578B25EA2D0B00DA20C8 /* Release */ = {
			isa = XCBuildConfiguration;
			buildSettings = {
				ALWAYS_SEARCH_USER_PATHS = NO;
				CLANG_ANALYZER_NONNULL = YES;
				CLANG_ANALYZER_NUMBER_OBJECT_CONVERSION = YES_AGGRESSIVE;
				CLANG_CXX_LANGUAGE_STANDARD = "gnu++14";
				CLANG_CXX_LIBRARY = "libc++";
				CLANG_ENABLE_MODULES = YES;
				CLANG_ENABLE_OBJC_ARC = YES;
				CLANG_ENABLE_OBJC_WEAK = YES;
				CLANG_WARN_BLOCK_CAPTURE_AUTORELEASING = YES;
				CLANG_WARN_BOOL_CONVERSION = YES;
				CLANG_WARN_COMMA = YES;
				CLANG_WARN_CONSTANT_CONVERSION = YES;
				CLANG_WARN_DEPRECATED_OBJC_IMPLEMENTATIONS = YES;
				CLANG_WARN_DIRECT_OBJC_ISA_USAGE = YES_ERROR;
				CLANG_WARN_DOCUMENTATION_COMMENTS = YES;
				CLANG_WARN_EMPTY_BODY = YES;
				CLANG_WARN_ENUM_CONVERSION = YES;
				CLANG_WARN_INFINITE_RECURSION = YES;
				CLANG_WARN_INT_CONVERSION = YES;
				CLANG_WARN_NON_LITERAL_NULL_CONVERSION = YES;
				CLANG_WARN_OBJC_IMPLICIT_RETAIN_SELF = YES;
				CLANG_WARN_OBJC_LITERAL_CONVERSION = YES;
				CLANG_WARN_OBJC_ROOT_CLASS = YES_ERROR;
				CLANG_WARN_QUOTED_INCLUDE_IN_FRAMEWORK_HEADER = YES;
				CLANG_WARN_RANGE_LOOP_ANALYSIS = YES;
				CLANG_WARN_STRICT_PROTOTYPES = YES;
				CLANG_WARN_SUSPICIOUS_MOVE = YES;
				CLANG_WARN_UNGUARDED_AVAILABILITY = YES_AGGRESSIVE;
				CLANG_WARN_UNREACHABLE_CODE = YES;
				CLANG_WARN__DUPLICATE_METHOD_MATCH = YES;
				COPY_PHASE_STRIP = NO;
				DEBUG_INFORMATION_FORMAT = "dwarf-with-dsym";
				ENABLE_NS_ASSERTIONS = NO;
				ENABLE_STRICT_OBJC_MSGSEND = YES;
				GCC_C_LANGUAGE_STANDARD = gnu11;
				GCC_NO_COMMON_BLOCKS = YES;
				GCC_WARN_64_TO_32_BIT_CONVERSION = YES;
				GCC_WARN_ABOUT_RETURN_TYPE = YES_ERROR;
				GCC_WARN_UNDECLARED_SELECTOR = YES;
				GCC_WARN_UNINITIALIZED_AUTOS = YES_AGGRESSIVE;
				GCC_WARN_UNUSED_FUNCTION = YES;
				GCC_WARN_UNUSED_VARIABLE = YES;
				IPHONEOS_DEPLOYMENT_TARGET = 14.2;
				MTL_ENABLE_DEBUG_INFO = NO;
				MTL_FAST_MATH = YES;
				SDKROOT = iphoneos;
				SWIFT_COMPILATION_MODE = wholemodule;
				SWIFT_OPTIMIZATION_LEVEL = "-O";
				VALIDATE_PRODUCT = YES;
			};
			name = Release;
		};
		BC6E578D25EA2D0B00DA20C8 /* Debug */ = {
			isa = XCBuildConfiguration;
			buildSettings = {
				ASSETCATALOG_COMPILER_APPICON_NAME = AppIcon;
				ASSETCATALOG_COMPILER_GLOBAL_ACCENT_COLOR_NAME = AccentColor;
				CODE_SIGN_STYLE = Automatic;
				DEVELOPMENT_ASSET_PATHS = "\"homework_swift_ui_00/Preview Content\"";
				DEVELOPMENT_TEAM = 6427J754M8;
				ENABLE_PREVIEWS = YES;
				INFOPLIST_FILE = homework_swift_ui_00/Info.plist;
				IPHONEOS_DEPLOYMENT_TARGET = 14.0;
				LD_RUNPATH_SEARCH_PATHS = (
					"$(inherited)",
					"@executable_path/Frameworks",
				);
				PRODUCT_BUNDLE_IDENTIFIER = "com.navixy.homework-swift-ui-00";
				PRODUCT_NAME = "$(TARGET_NAME)";
				SWIFT_VERSION = 5.0;
				TARGETED_DEVICE_FAMILY = "1,2";
			};
			name = Debug;
		};
		BC6E578E25EA2D0B00DA20C8 /* Release */ = {
			isa = XCBuildConfiguration;
			buildSettings = {
				ASSETCATALOG_COMPILER_APPICON_NAME = AppIcon;
				ASSETCATALOG_COMPILER_GLOBAL_ACCENT_COLOR_NAME = AccentColor;
				CODE_SIGN_STYLE = Automatic;
				DEVELOPMENT_ASSET_PATHS = "\"homework_swift_ui_00/Preview Content\"";
				DEVELOPMENT_TEAM = 6427J754M8;
				ENABLE_PREVIEWS = YES;
				INFOPLIST_FILE = homework_swift_ui_00/Info.plist;
				IPHONEOS_DEPLOYMENT_TARGET = 14.0;
				LD_RUNPATH_SEARCH_PATHS = (
					"$(inherited)",
					"@executable_path/Frameworks",
				);
				PRODUCT_BUNDLE_IDENTIFIER = "com.navixy.homework-swift-ui-00";
				PRODUCT_NAME = "$(TARGET_NAME)";
				SWIFT_VERSION = 5.0;
				TARGETED_DEVICE_FAMILY = "1,2";
			};
			name = Release;
		};
/* End XCBuildConfiguration section */

/* Begin XCConfigurationList section */
		BC6E577825EA2D0A00DA20C8 /* Build configuration list for PBXProject "homework_swift_ui_00" */ = {
			isa = XCConfigurationList;
			buildConfigurations = (
				BC6E578A25EA2D0B00DA20C8 /* Debug */,
				BC6E578B25EA2D0B00DA20C8 /* Release */,
			);
			defaultConfigurationIsVisible = 0;
			defaultConfigurationName = Release;
		};
		BC6E578C25EA2D0B00DA20C8 /* Build configuration list for PBXNativeTarget "homework_swift_ui_00" */ = {
			isa = XCConfigurationList;
			buildConfigurations = (
				BC6E578D25EA2D0B00DA20C8 /* Debug */,
				BC6E578E25EA2D0B00DA20C8 /* Release */,
			);
			defaultConfigurationIsVisible = 0;
			defaultConfigurationName = Release;
		};
/* End XCConfigurationList section */

/* Begin XCRemoteSwiftPackageReference section */
		BC116B332605EEA300FD6A46 /* XCRemoteSwiftPackageReference "Alamofire" */ = {
			isa = XCRemoteSwiftPackageReference;
			repositoryURL = "https://github.com/Alamofire/Alamofire.git";
			requirement = {
				kind = exactVersion;
				version = 4.9.0;
			};
		};
/* End XCRemoteSwiftPackageReference section */

/* Begin XCSwiftPackageProductDependency section */
		BC116B342605EEA300FD6A46 /* Alamofire */ = {
			isa = XCSwiftPackageProductDependency;
			package = BC116B332605EEA300FD6A46 /* XCRemoteSwiftPackageReference "Alamofire" */;
			productName = Alamofire;
		};
/* End XCSwiftPackageProductDependency section */
	};
	rootObject = BC6E577525EA2D0A00DA20C8 /* Project object */;
}
